
Microsoft Visual Studio Solution File, Format Version 12.00
# Visual Studio Version 16
VisualStudioVersion = 16.0.808.8
MinimumVisualStudioVersion = 10.0.40219.1
Project("{FAE04EC0-301F-11D3-BF4B-00C04F79EFBC}") = "RentApp.Android", "RentApp.Android\RentApp.Android.csproj", "{EC82F29C-C901-4D93-A8C3-67387021389C}"
EndProject
Project("{FAE04EC0-301F-11D3-BF4B-00C04F79EFBC}") = "RentApp.iOS", "RentApp.iOS\RentApp.iOS.csproj", "{FE81C560-6378-4554-86CE-9D806753A009}"
EndProject
Project("{FAE04EC0-301F-11D3-BF4B-00C04F79EFBC}") = "RentApp", "RentApp\RentApp.csproj", "{A039D77A-F778-45DE-B3FE-6739054D3064}"
EndProject
Project("{FAE04EC0-301F-11D3-BF4B-00C04F79EFBC}") = "RentAppApi", "RentAppApi\RentAppApi.csproj", "{36E51696-8BDF-4250-B3D1-77C9D5BA5E8A}"
EndProject
Global
	GlobalSection(SolutionConfigurationPlatforms) = preSolution
		Debug|Any CPU = Debug|Any CPU
		Release|Any CPU = Release|Any CPU
		Debug|iPhoneSimulator = Debug|iPhoneSimulator
		Release|iPhoneSimulator = Release|iPhoneSimulator
		Debug|iPhone = Debug|iPhone
		Release|iPhone = Release|iPhone
	EndGlobalSection
	GlobalSection(ProjectConfigurationPlatforms) = postSolution
		{EC82F29C-C901-4D93-A8C3-67387021389C}.Debug|Any CPU.ActiveCfg = Debug|Any CPU
		{EC82F29C-C901-4D93-A8C3-67387021389C}.Debug|Any CPU.Build.0 = Debug|Any CPU
		{EC82F29C-C901-4D93-A8C3-67387021389C}.Release|Any CPU.ActiveCfg = Release|Any CPU
		{EC82F29C-C901-4D93-A8C3-67387021389C}.Release|Any CPU.Build.0 = Release|Any CPU
		{EC82F29C-C901-4D93-A8C3-67387021389C}.Debug|iPhoneSimulator.ActiveCfg = Debug|Any CPU
		{EC82F29C-C901-4D93-A8C3-67387021389C}.Debug|iPhoneSimulator.Build.0 = Debug|Any CPU
		{EC82F29C-C901-4D93-A8C3-67387021389C}.Release|iPhoneSimulator.ActiveCfg = Release|Any CPU
		{EC82F29C-C901-4D93-A8C3-67387021389C}.Release|iPhoneSimulator.Build.0 = Release|Any CPU
		{EC82F29C-C901-4D93-A8C3-67387021389C}.Debug|iPhone.ActiveCfg = Debug|Any CPU
		{EC82F29C-C901-4D93-A8C3-67387021389C}.Debug|iPhone.Build.0 = Debug|Any CPU
		{EC82F29C-C901-4D93-A8C3-67387021389C}.Release|iPhone.ActiveCfg = Release|Any CPU
		{EC82F29C-C901-4D93-A8C3-67387021389C}.Release|iPhone.Build.0 = Release|Any CPU
		{FE81C560-6378-4554-86CE-9D806753A009}.Debug|Any CPU.ActiveCfg = Debug|iPhoneSimulator
		{FE81C560-6378-4554-86CE-9D806753A009}.Debug|Any CPU.Build.0 = Debug|iPhoneSimulator
		{FE81C560-6378-4554-86CE-9D806753A009}.Release|Any CPU.ActiveCfg = Release|iPhoneSimulator
		{FE81C560-6378-4554-86CE-9D806753A009}.Release|Any CPU.Build.0 = Release|iPhoneSimulator
		{FE81C560-6378-4554-86CE-9D806753A009}.Debug|iPhoneSimulator.ActiveCfg = Debug|iPhoneSimulator
		{FE81C560-6378-4554-86CE-9D806753A009}.Debug|iPhoneSimulator.Build.0 = Debug|iPhoneSimulator
		{FE81C560-6378-4554-86CE-9D806753A009}.Release|iPhoneSimulator.ActiveCfg = Release|iPhoneSimulator
		{FE81C560-6378-4554-86CE-9D806753A009}.Release|iPhoneSimulator.Build.0 = Release|iPhoneSimulator
		{FE81C560-6378-4554-86CE-9D806753A009}.Debug|iPhone.ActiveCfg = Debug|iPhone
		{FE81C560-6378-4554-86CE-9D806753A009}.Debug|iPhone.Build.0 = Debug|iPhone
		{FE81C560-6378-4554-86CE-9D806753A009}.Release|iPhone.ActiveCfg = Release|iPhone
		{FE81C560-6378-4554-86CE-9D806753A009}.Release|iPhone.Build.0 = Release|iPhone
		{A039D77A-F778-45DE-B3FE-6739054D3064}.Debug|Any CPU.ActiveCfg = Debug|Any CPU
		{A039D77A-F778-45DE-B3FE-6739054D3064}.Debug|Any CPU.Build.0 = Debug|Any CPU
		{A039D77A-F778-45DE-B3FE-6739054D3064}.Release|Any CPU.ActiveCfg = Release|Any CPU
		{A039D77A-F778-45DE-B3FE-6739054D3064}.Release|Any CPU.Build.0 = Release|Any CPU
		{A039D77A-F778-45DE-B3FE-6739054D3064}.Debug|iPhoneSimulator.ActiveCfg = Debug|Any CPU
		{A039D77A-F778-45DE-B3FE-6739054D3064}.Debug|iPhoneSimulator.Build.0 = Debug|Any CPU
		{A039D77A-F778-45DE-B3FE-6739054D3064}.Release|iPhoneSimulator.ActiveCfg = Release|Any CPU
		{A039D77A-F778-45DE-B3FE-6739054D3064}.Release|iPhoneSimulator.Build.0 = Release|Any CPU
		{A039D77A-F778-45DE-B3FE-6739054D3064}.Debug|iPhone.ActiveCfg = Debug|Any CPU
		{A039D77A-F778-45DE-B3FE-6739054D3064}.Debug|iPhone.Build.0 = Debug|Any CPU
		{A039D77A-F778-45DE-B3FE-6739054D3064}.Release|iPhone.ActiveCfg = Release|Any CPU
		{A039D77A-F778-45DE-B3FE-6739054D3064}.Release|iPhone.Build.0 = Release|Any CPU
		{36E51696-8BDF-4250-B3D1-77C9D5BA5E8A}.Debug|Any CPU.ActiveCfg = Debug|Any CPU
		{36E51696-8BDF-4250-B3D1-77C9D5BA5E8A}.Debug|Any CPU.Build.0 = Debug|Any CPU
		{36E51696-8BDF-4250-B3D1-77C9D5BA5E8A}.Release|Any CPU.ActiveCfg = Release|Any CPU
		{36E51696-8BDF-4250-B3D1-77C9D5BA5E8A}.Release|Any CPU.Build.0 = Release|Any CPU
		{36E51696-8BDF-4250-B3D1-77C9D5BA5E8A}.Debug|iPhoneSimulator.ActiveCfg = Debug|Any CPU
		{36E51696-8BDF-4250-B3D1-77C9D5BA5E8A}.Debug|iPhoneSimulator.Build.0 = Debug|Any CPU
		{36E51696-8BDF-4250-B3D1-77C9D5BA5E8A}.Release|iPhoneSimulator.ActiveCfg = Release|Any CPU
		{36E51696-8BDF-4250-B3D1-77C9D5BA5E8A}.Release|iPhoneSimulator.Build.0 = Release|Any CPU
		{36E51696-8BDF-4250-B3D1-77C9D5BA5E8A}.Debug|iPhone.ActiveCfg = Debug|Any CPU
		{36E51696-8BDF-4250-B3D1-77C9D5BA5E8A}.Debug|iPhone.Build.0 = Debug|Any CPU
		{36E51696-8BDF-4250-B3D1-77C9D5BA5E8A}.Release|iPhone.ActiveCfg = Release|Any CPU
		{36E51696-8BDF-4250-B3D1-77C9D5BA5E8A}.Release|iPhone.Build.0 = Release|Any CPU
	EndGlobalSection
	GlobalSection(SolutionProperties) = preSolution
		HideSolutionNode = FALSE
	EndGlobalSection
	GlobalSection(ExtensibilityGlobals) = postSolution
		SolutionGuid = {4A9B5A99-61F8-4FA4-AA92-3381AC0FD8BA}
	EndGlobalSection
EndGlobal
